// !$*UTF8*$!
{
	archiveVersion = 1;
	classes = {
	};
	objectVersion = 52;
	objects = {

/* Begin PBXBuildFile section */
		972FC31726E0CFD6005E01B2 /* AppDelegate.swift in Sources */ = {isa = PBXBuildFile; fileRef = 972FC31626E0CFD6005E01B2 /* AppDelegate.swift */; };
		972FC31926E0CFD6005E01B2 /* SceneDelegate.swift in Sources */ = {isa = PBXBuildFile; fileRef = 972FC31826E0CFD6005E01B2 /* SceneDelegate.swift */; };
		972FC32026E0CFD7005E01B2 /* Assets.xcassets in Resources */ = {isa = PBXBuildFile; fileRef = 972FC31F26E0CFD7005E01B2 /* Assets.xcassets */; };
		972FC32326E0CFD7005E01B2 /* LaunchScreen.storyboard in Resources */ = {isa = PBXBuildFile; fileRef = 972FC32126E0CFD7005E01B2 /* LaunchScreen.storyboard */; };
		972FC32D26E0DA12005E01B2 /* Framezilla.xcframework in Frameworks */ = {isa = PBXBuildFile; fileRef = 972FC32C26E0DA12005E01B2 /* Framezilla.xcframework */; };
		972FC33526E0DDE1005E01B2 /* WeatherModule.swift in Sources */ = {isa = PBXBuildFile; fileRef = 972FC33426E0DDE1005E01B2 /* WeatherModule.swift */; };
		972FC33726E0DE0C005E01B2 /* WeatherPresenter.swift in Sources */ = {isa = PBXBuildFile; fileRef = 972FC33626E0DE0C005E01B2 /* WeatherPresenter.swift */; };
		972FC33926E0DE1E005E01B2 /* WeatherState.swift in Sources */ = {isa = PBXBuildFile; fileRef = 972FC33826E0DE1E005E01B2 /* WeatherState.swift */; };
		972FC33B26E0DE39005E01B2 /* WeatherViewController.swift in Sources */ = {isa = PBXBuildFile; fileRef = 972FC33A26E0DE39005E01B2 /* WeatherViewController.swift */; };
		972FC33D26E0DE60005E01B2 /* MainCoordinator.swift in Sources */ = {isa = PBXBuildFile; fileRef = 972FC33C26E0DE60005E01B2 /* MainCoordinator.swift */; };
		972FC34026E0DE92005E01B2 /* UIView+Sugar.swift in Sources */ = {isa = PBXBuildFile; fileRef = 972FC33F26E0DE92005E01B2 /* UIView+Sugar.swift */; };
		972FC34226E0E786005E01B2 /* UIColor+Sugar.swift in Sources */ = {isa = PBXBuildFile; fileRef = 972FC34126E0E786005E01B2 /* UIColor+Sugar.swift */; };
		974487F626E1E74D000E1167 /* Lato-Light.ttf in Resources */ = {isa = PBXBuildFile; fileRef = 974487F526E1E512000E1167 /* Lato-Light.ttf */; };
		974487F826E1E8E7000E1167 /* NetworkService.swift in Sources */ = {isa = PBXBuildFile; fileRef = 974487F726E1E8E7000E1167 /* NetworkService.swift */; };
		974487FB26E1EBEE000E1167 /* WeatherModel.swift in Sources */ = {isa = PBXBuildFile; fileRef = 974487FA26E1EBEE000E1167 /* WeatherModel.swift */; };
		9759EF3B26E5E0C900CCE888 /* Kingfisher.xcframework in Frameworks */ = {isa = PBXBuildFile; fileRef = 9759EF3A26E5E0C900CCE888 /* Kingfisher.xcframework */; };
/* End PBXBuildFile section */

/* Begin PBXFileReference section */
		972FC31326E0CFD6005E01B2 /* Weather.app */ = {isa = PBXFileReference; explicitFileType = wrapper.application; includeInIndex = 0; path = Weather.app; sourceTree = BUILT_PRODUCTS_DIR; };
		972FC31626E0CFD6005E01B2 /* AppDelegate.swift */ = {isa = PBXFileReference; lastKnownFileType = sourcecode.swift; path = AppDelegate.swift; sourceTree = "<group>"; };
		972FC31826E0CFD6005E01B2 /* SceneDelegate.swift */ = {isa = PBXFileReference; lastKnownFileType = sourcecode.swift; path = SceneDelegate.swift; sourceTree = "<group>"; };
		972FC31F26E0CFD7005E01B2 /* Assets.xcassets */ = {isa = PBXFileReference; lastKnownFileType = folder.assetcatalog; path = Assets.xcassets; sourceTree = "<group>"; };
		972FC32226E0CFD7005E01B2 /* Base */ = {isa = PBXFileReference; lastKnownFileType = file.storyboard; name = Base; path = Base.lproj/LaunchScreen.storyboard; sourceTree = "<group>"; };
		972FC32426E0CFD7005E01B2 /* Info.plist */ = {isa = PBXFileReference; lastKnownFileType = text.plist.xml; path = Info.plist; sourceTree = "<group>"; };
		972FC32C26E0DA12005E01B2 /* Framezilla.xcframework */ = {isa = PBXFileReference; lastKnownFileType = wrapper.xcframework; name = Framezilla.xcframework; path = Carthage/Build/Framezilla.xcframework; sourceTree = "<group>"; };
		972FC33426E0DDE1005E01B2 /* WeatherModule.swift */ = {isa = PBXFileReference; lastKnownFileType = sourcecode.swift; path = WeatherModule.swift; sourceTree = "<group>"; };
		972FC33626E0DE0C005E01B2 /* WeatherPresenter.swift */ = {isa = PBXFileReference; lastKnownFileType = sourcecode.swift; path = WeatherPresenter.swift; sourceTree = "<group>"; };
		972FC33826E0DE1E005E01B2 /* WeatherState.swift */ = {isa = PBXFileReference; lastKnownFileType = sourcecode.swift; path = WeatherState.swift; sourceTree = "<group>"; };
		972FC33A26E0DE39005E01B2 /* WeatherViewController.swift */ = {isa = PBXFileReference; lastKnownFileType = sourcecode.swift; path = WeatherViewController.swift; sourceTree = "<group>"; };
		972FC33C26E0DE60005E01B2 /* MainCoordinator.swift */ = {isa = PBXFileReference; lastKnownFileType = sourcecode.swift; path = MainCoordinator.swift; sourceTree = "<group>"; };
		972FC33F26E0DE92005E01B2 /* UIView+Sugar.swift */ = {isa = PBXFileReference; fileEncoding = 4; lastKnownFileType = sourcecode.swift; path = "UIView+Sugar.swift"; sourceTree = "<group>"; };
		972FC34126E0E786005E01B2 /* UIColor+Sugar.swift */ = {isa = PBXFileReference; fileEncoding = 4; lastKnownFileType = sourcecode.swift; path = "UIColor+Sugar.swift"; sourceTree = "<group>"; };
		974487F526E1E512000E1167 /* Lato-Light.ttf */ = {isa = PBXFileReference; lastKnownFileType = file; path = "Lato-Light.ttf"; sourceTree = "<group>"; };
		974487F726E1E8E7000E1167 /* NetworkService.swift */ = {isa = PBXFileReference; lastKnownFileType = sourcecode.swift; path = NetworkService.swift; sourceTree = "<group>"; };
		974487FA26E1EBEE000E1167 /* WeatherModel.swift */ = {isa = PBXFileReference; lastKnownFileType = sourcecode.swift; path = WeatherModel.swift; sourceTree = "<group>"; };
		9759EF3A26E5E0C900CCE888 /* Kingfisher.xcframework */ = {isa = PBXFileReference; lastKnownFileType = wrapper.xcframework; name = Kingfisher.xcframework; path = Carthage/Build/Kingfisher.xcframework; sourceTree = "<group>"; };
/* End PBXFileReference section */

/* Begin PBXFrameworksBuildPhase section */
		972FC31026E0CFD6005E01B2 /* Frameworks */ = {
			isa = PBXFrameworksBuildPhase;
			buildActionMask = 2147483647;
			files = (
				972FC32D26E0DA12005E01B2 /* Framezilla.xcframework in Frameworks */,
				9759EF3B26E5E0C900CCE888 /* Kingfisher.xcframework in Frameworks */,
			);
			runOnlyForDeploymentPostprocessing = 0;
		};
/* End PBXFrameworksBuildPhase section */

/* Begin PBXGroup section */
		972FC30A26E0CFD6005E01B2 = {
			isa = PBXGroup;
			children = (
				972FC31526E0CFD6005E01B2 /* Weather */,
				972FC31426E0CFD6005E01B2 /* Products */,
				972FC32B26E0DA12005E01B2 /* Frameworks */,
			);
			sourceTree = "<group>";
		};
		972FC31426E0CFD6005E01B2 /* Products */ = {
			isa = PBXGroup;
			children = (
				972FC31326E0CFD6005E01B2 /* Weather.app */,
			);
			name = Products;
			sourceTree = "<group>";
		};
		972FC31526E0CFD6005E01B2 /* Weather */ = {
			isa = PBXGroup;
			children = (
				974487F926E1EBD9000E1167 /* Models */,
				972FC33E26E0DE7E005E01B2 /* Extensions */,
				972FC33226E0DDA7005E01B2 /* Modules */,
				972FC33126E0DD95005E01B2 /* Coordinators */,
				972FC31626E0CFD6005E01B2 /* AppDelegate.swift */,
				972FC31826E0CFD6005E01B2 /* SceneDelegate.swift */,
				974487F526E1E512000E1167 /* Lato-Light.ttf */,
				972FC31F26E0CFD7005E01B2 /* Assets.xcassets */,
				972FC32126E0CFD7005E01B2 /* LaunchScreen.storyboard */,
				972FC32426E0CFD7005E01B2 /* Info.plist */,
				974487F726E1E8E7000E1167 /* NetworkService.swift */,
			);
			path = Weather;
			sourceTree = "<group>";
		};
		972FC32B26E0DA12005E01B2 /* Frameworks */ = {
			isa = PBXGroup;
			children = (
				9759EF3A26E5E0C900CCE888 /* Kingfisher.xcframework */,
				972FC32C26E0DA12005E01B2 /* Framezilla.xcframework */,
			);
			name = Frameworks;
			sourceTree = "<group>";
		};
		972FC33126E0DD95005E01B2 /* Coordinators */ = {
			isa = PBXGroup;
			children = (
				972FC33C26E0DE60005E01B2 /* MainCoordinator.swift */,
			);
			path = Coordinators;
			sourceTree = "<group>";
		};
		972FC33226E0DDA7005E01B2 /* Modules */ = {
			isa = PBXGroup;
			children = (
				972FC33326E0DDB6005E01B2 /* WeaterModule */,
			);
			path = Modules;
			sourceTree = "<group>";
		};
		972FC33326E0DDB6005E01B2 /* WeaterModule */ = {
			isa = PBXGroup;
			children = (
				972FC33426E0DDE1005E01B2 /* WeatherModule.swift */,
				972FC33626E0DE0C005E01B2 /* WeatherPresenter.swift */,
				972FC33826E0DE1E005E01B2 /* WeatherState.swift */,
				972FC33A26E0DE39005E01B2 /* WeatherViewController.swift */,
			);
			path = WeaterModule;
			sourceTree = "<group>";
		};
		972FC33E26E0DE7E005E01B2 /* Extensions */ = {
			isa = PBXGroup;
			children = (
				972FC33F26E0DE92005E01B2 /* UIView+Sugar.swift */,
				972FC34126E0E786005E01B2 /* UIColor+Sugar.swift */,
			);
			path = Extensions;
			sourceTree = "<group>";
		};
		974487F926E1EBD9000E1167 /* Models */ = {
			isa = PBXGroup;
			children = (
				974487FA26E1EBEE000E1167 /* WeatherModel.swift */,
			);
			path = Models;
			sourceTree = "<group>";
		};
/* End PBXGroup section */

/* Begin PBXNativeTarget section */
		972FC31226E0CFD6005E01B2 /* Weather */ = {
			isa = PBXNativeTarget;
			buildConfigurationList = 972FC32726E0CFD7005E01B2 /* Build configuration list for PBXNativeTarget "Weather" */;
			buildPhases = (
				972FC30F26E0CFD6005E01B2 /* Sources */,
				972FC31026E0CFD6005E01B2 /* Frameworks */,
				972FC31126E0CFD6005E01B2 /* Resources */,
				972FC32A26E0D9BB005E01B2 /* ShellScript */,
				972FC33026E0DA26005E01B2 /* ShellScript */,
				9759EF3926E5DFE100CCE888 /* ShellScript */,
			);
			buildRules = (
			);
			dependencies = (
			);
			name = Weather;
			productName = Weather;
			productReference = 972FC31326E0CFD6005E01B2 /* Weather.app */;
			productType = "com.apple.product-type.application";
		};
/* End PBXNativeTarget section */

/* Begin PBXProject section */
		972FC30B26E0CFD6005E01B2 /* Project object */ = {
			isa = PBXProject;
			attributes = {
				LastSwiftUpdateCheck = 1250;
				LastUpgradeCheck = 1250;
				TargetAttributes = {
					972FC31226E0CFD6005E01B2 = {
						CreatedOnToolsVersion = 12.5.1;
					};
				};
			};
			buildConfigurationList = 972FC30E26E0CFD6005E01B2 /* Build configuration list for PBXProject "Weather" */;
			compatibilityVersion = "Xcode 9.3";
			developmentRegion = en;
			hasScannedForEncodings = 0;
			knownRegions = (
				en,
				Base,
			);
			mainGroup = 972FC30A26E0CFD6005E01B2;
			productRefGroup = 972FC31426E0CFD6005E01B2 /* Products */;
			projectDirPath = "";
			projectRoot = "";
			targets = (
				972FC31226E0CFD6005E01B2 /* Weather */,
			);
		};
/* End PBXProject section */

/* Begin PBXResourcesBuildPhase section */
		972FC31126E0CFD6005E01B2 /* Resources */ = {
			isa = PBXResourcesBuildPhase;
			buildActionMask = 2147483647;
			files = (
				974487F626E1E74D000E1167 /* Lato-Light.ttf in Resources */,
				972FC32326E0CFD7005E01B2 /* LaunchScreen.storyboard in Resources */,
				972FC32026E0CFD7005E01B2 /* Assets.xcassets in Resources */,
			);
			runOnlyForDeploymentPostprocessing = 0;
		};
/* End PBXResourcesBuildPhase section */

/* Begin PBXShellScriptBuildPhase section */
		972FC32A26E0D9BB005E01B2 /* ShellScript */ = {
			isa = PBXShellScriptBuildPhase;
			buildActionMask = 2147483647;
			files = (
			);
			inputFileListPaths = (
			);
			inputPaths = (
				"$(SRCROOT)/Carthage/Build/iOS/Framezilla.framework",
			);
			outputFileListPaths = (
			);
			outputPaths = (
				"$(BUILT_PRODUCTS_DIR)/$(FRAMEWORKS_FOLDER_PATH)/Framezilla.framework",
			);
			runOnlyForDeploymentPostprocessing = 0;
			shellPath = /bin/sh;
			shellScript = "/usr/local/bin/carthage copy-frameworks\n";
		};
		972FC33026E0DA26005E01B2 /* ShellScript */ = {
			isa = PBXShellScriptBuildPhase;
			buildActionMask = 2147483647;
			files = (
			);
			inputFileListPaths = (
			);
			inputPaths = (
			);
			outputFileListPaths = (
			);
			outputPaths = (
			);
			runOnlyForDeploymentPostprocessing = 0;
			shellPath = /bin/sh;
			shellScript = "if which swiftlint >/dev/null; then\n  swiftlint\nelse\n  echo \"error: SwiftLint does not exist, download it from https://github.com/realm/SwiftLint\"\n  exit 1\nfi\n";
		};
		9759EF3926E5DFE100CCE888 /* ShellScript */ = {
			isa = PBXShellScriptBuildPhase;
			buildActionMask = 2147483647;
			files = (
			);
			inputFileListPaths = (
			);
			inputPaths = (
				"$(SRCROOT)/Carthage/Build/iOS/Kingfisher.framework",
			);
			outputFileListPaths = (
			);
			outputPaths = (
				"$(BUILT_PRODUCTS_DIR)/$(FRAMEWORKS_FOLDER_PATH)/Kingfisher.framework\n",
			);
			runOnlyForDeploymentPostprocessing = 0;
			shellPath = /bin/sh;
			shellScript = "/usr/local/bin/carthage copy-frameworks\n";
		};
/* End PBXShellScriptBuildPhase section */

/* Begin PBXSourcesBuildPhase section */
		972FC30F26E0CFD6005E01B2 /* Sources */ = {
			isa = PBXSourcesBuildPhase;
			buildActionMask = 2147483647;
			files = (
				974487F826E1E8E7000E1167 /* NetworkService.swift in Sources */,
				972FC33726E0DE0C005E01B2 /* WeatherPresenter.swift in Sources */,
				972FC33D26E0DE60005E01B2 /* MainCoordinator.swift in Sources */,
				974487FB26E1EBEE000E1167 /* WeatherModel.swift in Sources */,
				972FC33526E0DDE1005E01B2 /* WeatherModule.swift in Sources */,
				972FC31726E0CFD6005E01B2 /* AppDelegate.swift in Sources */,
				972FC34026E0DE92005E01B2 /* UIView+Sugar.swift in Sources */,
				972FC33B26E0DE39005E01B2 /* WeatherViewController.swift in Sources */,
				972FC33926E0DE1E005E01B2 /* WeatherState.swift in Sources */,
				972FC34226E0E786005E01B2 /* UIColor+Sugar.swift in Sources */,
				972FC31926E0CFD6005E01B2 /* SceneDelegate.swift in Sources */,
			);
			runOnlyForDeploymentPostprocessing = 0;
		};
/* End PBXSourcesBuildPhase section */

/* Begin PBXVariantGroup section */
		972FC32126E0CFD7005E01B2 /* LaunchScreen.storyboard */ = {
			isa = PBXVariantGroup;
			children = (
				972FC32226E0CFD7005E01B2 /* Base */,
			);
			name = LaunchScreen.storyboard;
			sourceTree = "<group>";
		};
/* End PBXVariantGroup section */

/* Begin XCBuildConfiguration section */
		972FC32526E0CFD7005E01B2 /* Debug */ = {
			isa = XCBuildConfiguration;
			buildSettings = {
				ALWAYS_SEARCH_USER_PATHS = NO;
				CLANG_ANALYZER_NONNULL = YES;
				CLANG_ANALYZER_NUMBER_OBJECT_CONVERSION = YES_AGGRESSIVE;
				CLANG_CXX_LANGUAGE_STANDARD = "gnu++14";
				CLANG_CXX_LIBRARY = "libc++";
				CLANG_ENABLE_MODULES = YES;
				CLANG_ENABLE_OBJC_ARC = YES;
				CLANG_ENABLE_OBJC_WEAK = YES;
				CLANG_WARN_BLOCK_CAPTURE_AUTORELEASING = YES;
				CLANG_WARN_BOOL_CONVERSION = YES;
				CLANG_WARN_COMMA = YES;
				CLANG_WARN_CONSTANT_CONVERSION = YES;
				CLANG_WARN_DEPRECATED_OBJC_IMPLEMENTATIONS = YES;
				CLANG_WARN_DIRECT_OBJC_ISA_USAGE = YES_ERROR;
				CLANG_WARN_DOCUMENTATION_COMMENTS = YES;
				CLANG_WARN_EMPTY_BODY = YES;
				CLANG_WARN_ENUM_CONVERSION = YES;
				CLANG_WARN_INFINITE_RECURSION = YES;
				CLANG_WARN_INT_CONVERSION = YES;
				CLANG_WARN_NON_LITERAL_NULL_CONVERSION = YES;
				CLANG_WARN_OBJC_IMPLICIT_RETAIN_SELF = YES;
				CLANG_WARN_OBJC_LITERAL_CONVERSION = YES;
				CLANG_WARN_OBJC_ROOT_CLASS = YES_ERROR;
				CLANG_WARN_QUOTED_INCLUDE_IN_FRAMEWORK_HEADER = YES;
				CLANG_WARN_RANGE_LOOP_ANALYSIS = YES;
				CLANG_WARN_STRICT_PROTOTYPES = YES;
				CLANG_WARN_SUSPICIOUS_MOVE = YES;
				CLANG_WARN_UNGUARDED_AVAILABILITY = YES_AGGRESSIVE;
				CLANG_WARN_UNREACHABLE_CODE = YES;
				CLANG_WARN__DUPLICATE_METHOD_MATCH = YES;
				COPY_PHASE_STRIP = NO;
				DEBUG_INFORMATION_FORMAT = dwarf;
				ENABLE_STRICT_OBJC_MSGSEND = YES;
				ENABLE_TESTABILITY = YES;
				GCC_C_LANGUAGE_STANDARD = gnu11;
				GCC_DYNAMIC_NO_PIC = NO;
				GCC_NO_COMMON_BLOCKS = YES;
				GCC_OPTIMIZATION_LEVEL = 0;
				GCC_PREPROCESSOR_DEFINITIONS = (
					"DEBUG=1",
					"$(inherited)",
				);
				GCC_WARN_64_TO_32_BIT_CONVERSION = YES;
				GCC_WARN_ABOUT_RETURN_TYPE = YES_ERROR;
				GCC_WARN_UNDECLARED_SELECTOR = YES;
				GCC_WARN_UNINITIALIZED_AUTOS = YES_AGGRESSIVE;
				GCC_WARN_UNUSED_FUNCTION = YES;
				GCC_WARN_UNUSED_VARIABLE = YES;
				IPHONEOS_DEPLOYMENT_TARGET = 14.5;
				MTL_ENABLE_DEBUG_INFO = INCLUDE_SOURCE;
				MTL_FAST_MATH = YES;
				ONLY_ACTIVE_ARCH = YES;
				SDKROOT = iphoneos;
				SWIFT_ACTIVE_COMPILATION_CONDITIONS = DEBUG;
				SWIFT_OPTIMIZATION_LEVEL = "-Onone";
			};
			name = Debug;
		};
		972FC32626E0CFD7005E01B2 /* Release */ = {
			isa = XCBuildConfiguration;
			buildSettings = {
				ALWAYS_SEARCH_USER_PATHS = NO;
				CLANG_ANALYZER_NONNULL = YES;
				CLANG_ANALYZER_NUMBER_OBJECT_CONVERSION = YES_AGGRESSIVE;
				CLANG_CXX_LANGUAGE_STANDARD = "gnu++14";
				CLANG_CXX_LIBRARY = "libc++";
				CLANG_ENABLE_MODULES = YES;
				CLANG_ENABLE_OBJC_ARC = YES;
				CLANG_ENABLE_OBJC_WEAK = YES;
				CLANG_WARN_BLOCK_CAPTURE_AUTORELEASING = YES;
				CLANG_WARN_BOOL_CONVERSION = YES;
				CLANG_WARN_COMMA = YES;
				CLANG_WARN_CONSTANT_CONVERSION = YES;
				CLANG_WARN_DEPRECATED_OBJC_IMPLEMENTATIONS = YES;
				CLANG_WARN_DIRECT_OBJC_ISA_USAGE = YES_ERROR;
				CLANG_WARN_DOCUMENTATION_COMMENTS = YES;
				CLANG_WARN_EMPTY_BODY = YES;
				CLANG_WARN_ENUM_CONVERSION = YES;
				CLANG_WARN_INFINITE_RECURSION = YES;
				CLANG_WARN_INT_CONVERSION = YES;
				CLANG_WARN_NON_LITERAL_NULL_CONVERSION = YES;
				CLANG_WARN_OBJC_IMPLICIT_RETAIN_SELF = YES;
				CLANG_WARN_OBJC_LITERAL_CONVERSION = YES;
				CLANG_WARN_OBJC_ROOT_CLASS = YES_ERROR;
				CLANG_WARN_QUOTED_INCLUDE_IN_FRAMEWORK_HEADER = YES;
				CLANG_WARN_RANGE_LOOP_ANALYSIS = YES;
				CLANG_WARN_STRICT_PROTOTYPES = YES;
				CLANG_WARN_SUSPICIOUS_MOVE = YES;
				CLANG_WARN_UNGUARDED_AVAILABILITY = YES_AGGRESSIVE;
				CLANG_WARN_UNREACHABLE_CODE = YES;
				CLANG_WARN__DUPLICATE_METHOD_MATCH = YES;
				COPY_PHASE_STRIP = NO;
				DEBUG_INFORMATION_FORMAT = "dwarf-with-dsym";
				ENABLE_NS_ASSERTIONS = NO;
				ENABLE_STRICT_OBJC_MSGSEND = YES;
				GCC_C_LANGUAGE_STANDARD = gnu11;
				GCC_NO_COMMON_BLOCKS = YES;
				GCC_WARN_64_TO_32_BIT_CONVERSION = YES;
				GCC_WARN_ABOUT_RETURN_TYPE = YES_ERROR;
				GCC_WARN_UNDECLARED_SELECTOR = YES;
				GCC_WARN_UNINITIALIZED_AUTOS = YES_AGGRESSIVE;
				GCC_WARN_UNUSED_FUNCTION = YES;
				GCC_WARN_UNUSED_VARIABLE = YES;
				IPHONEOS_DEPLOYMENT_TARGET = 14.5;
				MTL_ENABLE_DEBUG_INFO = NO;
				MTL_FAST_MATH = YES;
				SDKROOT = iphoneos;
				SWIFT_COMPILATION_MODE = wholemodule;
				SWIFT_OPTIMIZATION_LEVEL = "-O";
				VALIDATE_PRODUCT = YES;
			};
			name = Release;
		};
		972FC32826E0CFD7005E01B2 /* Debug */ = {
			isa = XCBuildConfiguration;
			buildSettings = {
				ASSETCATALOG_COMPILER_APPICON_NAME = AppIcon;
				ASSETCATALOG_COMPILER_GLOBAL_ACCENT_COLOR_NAME = AccentColor;
				CODE_SIGN_STYLE = Automatic;
				DEVELOPMENT_TEAM = 5833UA6FFA;
				INFOPLIST_FILE = Weather/Info.plist;
				LD_RUNPATH_SEARCH_PATHS = (
					"$(inherited)",
					"@executable_path/Frameworks",
				);
				PRODUCT_BUNDLE_IDENTIFIER = none.Weathe;
				PRODUCT_NAME = "$(TARGET_NAME)";
				SWIFT_VERSION = 5.0;
				TARGETED_DEVICE_FAMILY = "1,2";
			};
			name = Debug;
		};
		972FC32926E0CFD7005E01B2 /* Release */ = {
			isa = XCBuildConfiguration;
			buildSettings = {
				ASSETCATALOG_COMPILER_APPICON_NAME = AppIcon;
				ASSETCATALOG_COMPILER_GLOBAL_ACCENT_COLOR_NAME = AccentColor;
				CODE_SIGN_STYLE = Automatic;
				DEVELOPMENT_TEAM = 5833UA6FFA;
				INFOPLIST_FILE = Weather/Info.plist;
				LD_RUNPATH_SEARCH_PATHS = (
					"$(inherited)",
					"@executable_path/Frameworks",
				);
				PRODUCT_BUNDLE_IDENTIFIER = none.Weathe;
				PRODUCT_NAME = "$(TARGET_NAME)";
				SWIFT_VERSION = 5.0;
				TARGETED_DEVICE_FAMILY = "1,2";
			};
			name = Release;
		};
/* End XCBuildConfiguration section */

/* Begin XCConfigurationList section */
		972FC30E26E0CFD6005E01B2 /* Build configuration list for PBXProject "Weather" */ = {
			isa = XCConfigurationList;
			buildConfigurations = (
				972FC32526E0CFD7005E01B2 /* Debug */,
				972FC32626E0CFD7005E01B2 /* Release */,
			);
			defaultConfigurationIsVisible = 0;
			defaultConfigurationName = Release;
		};
		972FC32726E0CFD7005E01B2 /* Build configuration list for PBXNativeTarget "Weather" */ = {
			isa = XCConfigurationList;
			buildConfigurations = (
				972FC32826E0CFD7005E01B2 /* Debug */,
				972FC32926E0CFD7005E01B2 /* Release */,
			);
			defaultConfigurationIsVisible = 0;
			defaultConfigurationName = Release;
		};
/* End XCConfigurationList section */
	};
	rootObject = 972FC30B26E0CFD6005E01B2 /* Project object */;
}
